PODS:
  - Flutter (1.0.0)
  - libwebp (1.5.0):
    - libwebp/demux (= 1.5.0)
    - libwebp/mux (= 1.5.0)
    - libwebp/sharpyuv (= 1.5.0)
    - libwebp/webp (= 1.5.0)
  - libwebp/demux (1.5.0):
    - libwebp/webp
  - libwebp/mux (1.5.0):
    - libwebp/demux
  - libwebp/sharpyuv (1.5.0)
  - libwebp/webp (1.5.0):
    - libwebp/sharpyuv
  - path_provider_foundation (0.0.1):
    - Flutter
    - FlutterMacOS
  - SDWebImage/Core (5.21.5)
  - SDWebImageWebPCoder (0.15.0):
    - libwebp (~> 1.0)
    - SDWebImage/Core (~> 5.17)
  - whatsapp_stickers_injector (1.0.0):
    - Flutter
    - SDWebImageWebPCoder

DEPENDENCIES:
  - Flutter (from `Flutter`)
  - path_provider_foundation (from `.symlinks/plugins/path_provider_foundation/darwin`)
  - whatsapp_stickers_injector (from `.symlinks/plugins/whatsapp_stickers_injector/ios`)

SPEC REPOS:
  trunk:
    - libwebp
    - SDWebImage
    - SDWebImageWebPCoder

EXTERNAL SOURCES:
  Flutter:
    :path: Flutter
  path_provider_foundation:
    :path: ".symlinks/plugins/path_provider_foundation/darwin"
  whatsapp_stickers_injector:
    :path: ".symlinks/plugins/whatsapp_stickers_injector/ios"

SPEC CHECKSUMS:
  Flutter: cabc95a1d2626b1b06e7179b784ebcf0c0cde467
  libwebp: 02b23773aedb6ff1fd38cec7a77b81414c6842a8
  path_provider_foundation: bb55f6dbba17d0dccd6737fe6f7f34fbd0376880
  SDWebImage: e9c98383c7572d713c1a0d7dd2783b10599b9838
  SDWebImageWebPCoder: 0e06e365080397465cc73a7a9b472d8a3bd0f377
  whatsapp_stickers_injector: e41e14958858c804e0addf6198e355d0ad0cbb7f

PODFILE CHECKSUM: 3c63482e143d1b91d2d2560aee9fb04ecc74ac7e

COCOAPODS: 1.16.2
